
Microsoft Visual Studio Solution File, Format Version 12.00
# Visual Studio Version 17
VisualStudioVersion = 17.12.35209.166
MinimumVisualStudioVersion = 10.0.40219.1
Project("{2150E333-8FDC-42A3-9474-1A3956D46DE8}") = "Endpoint", "Endpoint", "{1F5E3F0E-EF46-4147-BEE9-5749CCF5B7E0}"
EndProject
Project("{2150E333-8FDC-42A3-9474-1A3956D46DE8}") = "Library", "Library", "{9FA5F391-2D2F-40A9-B10A-74152FB6E398}"
EndProject
Project("{2150E333-8FDC-42A3-9474-1A3956D46DE8}") = "Solution Items", "Solution Items", "{C419F684-BCBD-4DD2-9906-340C7F0DD9AE}"
	ProjectSection(SolutionItems) = preProject
		.dockerignore = .dockerignore
		.editorconfig = .editorconfig
		.gitattributes = .gitattributes
		.gitignore = .gitignore
		src\Endpoint\Hello8\.version = src\Endpoint\Hello8\.version
		CHANGELOG.md = CHANGELOG.md
		Dockerfile = Dockerfile
		README.md = README.md
	EndProjectSection
EndProject
Project("{2150E333-8FDC-42A3-9474-1A3956D46DE8}") = "tests", "tests", "{6529459E-7F50-44BB-92AA-1BD12D4A216E}"
EndProject
Project("{9A19103F-16F7-4668-BE54-9A1E7A4F7556}") = "Hello8.Domain.Endpoint", "src\Endpoint\Hello8\Hello8.Domain.Endpoint.csproj", "{6B88B912-3239-4E87-A20F-35843B23785D}"
EndProject
Project("{9A19103F-16F7-4668-BE54-9A1E7A4F7556}") = "TestAbstractions", "tests\TestAbstractions\TestAbstractions.csproj", "{634BF81A-BCDA-4974-A49E-ED1835919764}"
EndProject
Project("{9A19103F-16F7-4668-BE54-9A1E7A4F7556}") = "CoreFX.Abstractions", "src\Library\CoreFX\Abstractions\CoreFX.Abstractions.csproj", "{68E736D1-D4AD-414E-A885-AEC3B5B8AC68}"
EndProject
Project("{9A19103F-16F7-4668-BE54-9A1E7A4F7556}") = "CoreFX.Logging.Log4net", "src\Library\CoreFX\Logging\Log4net\CoreFX.Logging.Log4net.csproj", "{B3840CC4-C170-4BFC-B7A4-FE7A0155D98C}"
EndProject
Project("{9A19103F-16F7-4668-BE54-9A1E7A4F7556}") = "CoreFX.Common", "src\Library\CoreFX\Common\CoreFX.Common.csproj", "{2760A584-BEF1-4365-9905-8E085FE33EA7}"
EndProject
Project("{9A19103F-16F7-4668-BE54-9A1E7A4F7556}") = "Hello8.Domain.SDK", "src\Library\Hello8\SDK\Hello8.Domain.SDK.csproj", "{4026A424-8F7C-4634-A852-56596328508C}"
EndProject
Project("{9A19103F-16F7-4668-BE54-9A1E7A4F7556}") = "UnitTest.Hello8.Domain.SDK", "tests\UnitTest\Hello8\SDK\UnitTest.Hello8.Domain.SDK.csproj", "{7388135B-3950-4256-A08C-98EF5874EC9B}"
EndProject
Project("{9A19103F-16F7-4668-BE54-9A1E7A4F7556}") = "Hello8.Domain.DataAccess.Database", "src\Library\Hello8\DataAccess\Database\Hello8.Domain.DataAccess.Database.csproj", "{D08164F0-F763-4B11-9B30-2CE14BB478D0}"
EndProject
Project("{9A19103F-16F7-4668-BE54-9A1E7A4F7556}") = "CoreFX.Hosting", "src\Library\CoreFX\Hosting\CoreFX.Hosting.csproj", "{CB0C1C3A-AED6-408B-A5E2-97E18765E8D9}"
EndProject
Project("{9A19103F-16F7-4668-BE54-9A1E7A4F7556}") = "CoreFX.Caching.Redis", "src\Library\CoreFX\Caching\Redis\CoreFX.Caching.Redis.csproj", "{E701E5B4-8A4C-4044-AB96-007E7DAE654A}"
EndProject
Project("{2150E333-8FDC-42A3-9474-1A3956D46DE8}") = "1.core", "1.core", "{D5A0F19E-ED8A-4145-9E17-A4EEDBF4987E}"
EndProject
Project("{2150E333-8FDC-42A3-9474-1A3956D46DE8}") = "2.domain-Hello8", "2.domain-Hello8", "{97A4F370-717B-4743-8846-360D1BAD3697}"
EndProject
Project("{9A19103F-16F7-4668-BE54-9A1E7A4F7556}") = "IntegrationTest.Hello8", "tests\IntegrationTest\Hello8\IntegrationTest.Hello8.csproj", "{34D1FEC3-DE8C-4D73-9679-19B87D2F93D8}"
EndProject
Project("{2150E333-8FDC-42A3-9474-1A3956D46DE8}") = "1.core", "1.core", "{B3EBE4D4-5CC7-41EA-B4F2-33754D55600E}"
EndProject
Project("{2150E333-8FDC-42A3-9474-1A3956D46DE8}") = "2.module", "2.module", "{03C33CF4-8565-400C-A055-687FCA256E19}"
EndProject
Project("{2150E333-8FDC-42A3-9474-1A3956D46DE8}") = "3.domain-hello8", "3.domain-hello8", "{AF1A344F-5B74-4559-8F21-A40EC5CEBF32}"
EndProject
Project("{9A19103F-16F7-4668-BE54-9A1E7A4F7556}") = "Hello8.Domain.Common", "src\Library\Hello8\Common\Hello8.Domain.Common.csproj", "{25B68250-4659-43A9-82CC-4ED2E0ACE1D4}"
EndProject
Project("{9A19103F-16F7-4668-BE54-9A1E7A4F7556}") = "UnitTest.CoreFX.Hosting", "tests\UnitTest\CoreFX\Hosting\UnitTest.CoreFX.Hosting.csproj", "{781CFAF1-C0D3-4A52-B67D-9FEAF8457069}"
EndProject
Project("{2150E333-8FDC-42A3-9474-1A3956D46DE8}") = "3.e2e", "3.e2e", "{297021AE-A919-40C0-8C8C-5499DAA92244}"
EndProject
Project("{9A19103F-16F7-4668-BE54-9A1E7A4F7556}") = "Hello8.Domain.Contract", "src\Endpoint\Contracts\Hello8\Hello8.Domain.Contract.csproj", "{A19E0EC5-B488-45B7-8301-F92C10759A20}"
EndProject
Project("{9A19103F-16F7-4668-BE54-9A1E7A4F7556}") = "UnitTest.CoreFX.Caching.Redis", "tests\UnitTest\CoreFX\Caching\Redis\UnitTest.CoreFX.Caching.Redis.csproj", "{43A12472-A4E4-4395-B0E7-DBA285B93C2C}"
EndProject
Project("{2150E333-8FDC-42A3-9474-1A3956D46DE8}") = "src", "src", "{D6657D9A-A35B-43AC-AFD5-546F03A3646C}"
EndProject
Project("{2150E333-8FDC-42A3-9474-1A3956D46DE8}") = "data", "data", "{5E03BFCA-2008-4E08-8160-B34F4B544D0A}"
	ProjectSection(SolutionItems) = preProject
		data\copy.me = data\copy.me
		data\openssl.modified.cnf.txt = data\openssl.modified.cnf.txt
	EndProjectSection
EndProject
Project("{2150E333-8FDC-42A3-9474-1A3956D46DE8}") = "deploy", "deploy", "{603AF185-867C-44BE-A5E2-61D690F52570}"
	ProjectSection(SolutionItems) = preProject
		deploy\azure-pipelines.yml = deploy\azure-pipelines.yml
		deploy\db.udl = deploy\db.udl
		minikube\deployment.yaml = minikube\deployment.yaml
		dockerbuild.sh = dockerbuild.sh
		minikube\ingress.yaml = minikube\ingress.yaml
		minikube\minikube.sh = minikube\minikube.sh
		minikube\service.yaml = minikube\service.yaml
	EndProjectSection
EndProject
Global
	GlobalSection(SolutionConfigurationPlatforms) = preSolution
		Debug|Any CPU = Debug|Any CPU
		Release|Any CPU = Release|Any CPU
	EndGlobalSection
	GlobalSection(ProjectConfigurationPlatforms) = postSolution
		{6B88B912-3239-4E87-A20F-35843B23785D}.Debug|Any CPU.ActiveCfg = Debug|Any CPU
		{6B88B912-3239-4E87-A20F-35843B23785D}.Debug|Any CPU.Build.0 = Debug|Any CPU
		{6B88B912-3239-4E87-A20F-35843B23785D}.Release|Any CPU.ActiveCfg = Release|Any CPU
		{6B88B912-3239-4E87-A20F-35843B23785D}.Release|Any CPU.Build.0 = Release|Any CPU
		{634BF81A-BCDA-4974-A49E-ED1835919764}.Debug|Any CPU.ActiveCfg = Debug|Any CPU
		{634BF81A-BCDA-4974-A49E-ED1835919764}.Debug|Any CPU.Build.0 = Debug|Any CPU
		{634BF81A-BCDA-4974-A49E-ED1835919764}.Release|Any CPU.ActiveCfg = Release|Any CPU
		{634BF81A-BCDA-4974-A49E-ED1835919764}.Release|Any CPU.Build.0 = Release|Any CPU
		{68E736D1-D4AD-414E-A885-AEC3B5B8AC68}.Debug|Any CPU.ActiveCfg = Debug|Any CPU
		{68E736D1-D4AD-414E-A885-AEC3B5B8AC68}.Debug|Any CPU.Build.0 = Debug|Any CPU
		{68E736D1-D4AD-414E-A885-AEC3B5B8AC68}.Release|Any CPU.ActiveCfg = Release|Any CPU
		{68E736D1-D4AD-414E-A885-AEC3B5B8AC68}.Release|Any CPU.Build.0 = Release|Any CPU
		{B3840CC4-C170-4BFC-B7A4-FE7A0155D98C}.Debug|Any CPU.ActiveCfg = Debug|Any CPU
		{B3840CC4-C170-4BFC-B7A4-FE7A0155D98C}.Debug|Any CPU.Build.0 = Debug|Any CPU
		{B3840CC4-C170-4BFC-B7A4-FE7A0155D98C}.Release|Any CPU.ActiveCfg = Release|Any CPU
		{B3840CC4-C170-4BFC-B7A4-FE7A0155D98C}.Release|Any CPU.Build.0 = Release|Any CPU
		{2760A584-BEF1-4365-9905-8E085FE33EA7}.Debug|Any CPU.ActiveCfg = Debug|Any CPU
		{2760A584-BEF1-4365-9905-8E085FE33EA7}.Debug|Any CPU.Build.0 = Debug|Any CPU
		{2760A584-BEF1-4365-9905-8E085FE33EA7}.Release|Any CPU.ActiveCfg = Release|Any CPU
		{2760A584-BEF1-4365-9905-8E085FE33EA7}.Release|Any CPU.Build.0 = Release|Any CPU
		{4026A424-8F7C-4634-A852-56596328508C}.Debug|Any CPU.ActiveCfg = Debug|Any CPU
		{4026A424-8F7C-4634-A852-56596328508C}.Debug|Any CPU.Build.0 = Debug|Any CPU
		{4026A424-8F7C-4634-A852-56596328508C}.Release|Any CPU.ActiveCfg = Release|Any CPU
		{4026A424-8F7C-4634-A852-56596328508C}.Release|Any CPU.Build.0 = Release|Any CPU
		{7388135B-3950-4256-A08C-98EF5874EC9B}.Debug|Any CPU.ActiveCfg = Debug|Any CPU
		{7388135B-3950-4256-A08C-98EF5874EC9B}.Debug|Any CPU.Build.0 = Debug|Any CPU
		{7388135B-3950-4256-A08C-98EF5874EC9B}.Release|Any CPU.ActiveCfg = Release|Any CPU
		{7388135B-3950-4256-A08C-98EF5874EC9B}.Release|Any CPU.Build.0 = Release|Any CPU
		{D08164F0-F763-4B11-9B30-2CE14BB478D0}.Debug|Any CPU.ActiveCfg = Debug|Any CPU
		{D08164F0-F763-4B11-9B30-2CE14BB478D0}.Debug|Any CPU.Build.0 = Debug|Any CPU
		{D08164F0-F763-4B11-9B30-2CE14BB478D0}.Release|Any CPU.ActiveCfg = Release|Any CPU
		{D08164F0-F763-4B11-9B30-2CE14BB478D0}.Release|Any CPU.Build.0 = Release|Any CPU
		{CB0C1C3A-AED6-408B-A5E2-97E18765E8D9}.Debug|Any CPU.ActiveCfg = Debug|Any CPU
		{CB0C1C3A-AED6-408B-A5E2-97E18765E8D9}.Debug|Any CPU.Build.0 = Debug|Any CPU
		{CB0C1C3A-AED6-408B-A5E2-97E18765E8D9}.Release|Any CPU.ActiveCfg = Release|Any CPU
		{CB0C1C3A-AED6-408B-A5E2-97E18765E8D9}.Release|Any CPU.Build.0 = Release|Any CPU
		{E701E5B4-8A4C-4044-AB96-007E7DAE654A}.Debug|Any CPU.ActiveCfg = Debug|Any CPU
		{E701E5B4-8A4C-4044-AB96-007E7DAE654A}.Debug|Any CPU.Build.0 = Debug|Any CPU
		{E701E5B4-8A4C-4044-AB96-007E7DAE654A}.Release|Any CPU.ActiveCfg = Release|Any CPU
		{E701E5B4-8A4C-4044-AB96-007E7DAE654A}.Release|Any CPU.Build.0 = Release|Any CPU
		{34D1FEC3-DE8C-4D73-9679-19B87D2F93D8}.Debug|Any CPU.ActiveCfg = Debug|Any CPU
		{34D1FEC3-DE8C-4D73-9679-19B87D2F93D8}.Debug|Any CPU.Build.0 = Debug|Any CPU
		{34D1FEC3-DE8C-4D73-9679-19B87D2F93D8}.Release|Any CPU.ActiveCfg = Release|Any CPU
		{34D1FEC3-DE8C-4D73-9679-19B87D2F93D8}.Release|Any CPU.Build.0 = Release|Any CPU
		{25B68250-4659-43A9-82CC-4ED2E0ACE1D4}.Debug|Any CPU.ActiveCfg = Debug|Any CPU
		{25B68250-4659-43A9-82CC-4ED2E0ACE1D4}.Debug|Any CPU.Build.0 = Debug|Any CPU
		{25B68250-4659-43A9-82CC-4ED2E0ACE1D4}.Release|Any CPU.ActiveCfg = Release|Any CPU
		{25B68250-4659-43A9-82CC-4ED2E0ACE1D4}.Release|Any CPU.Build.0 = Release|Any CPU
		{781CFAF1-C0D3-4A52-B67D-9FEAF8457069}.Debug|Any CPU.ActiveCfg = Debug|Any CPU
		{781CFAF1-C0D3-4A52-B67D-9FEAF8457069}.Debug|Any CPU.Build.0 = Debug|Any CPU
		{781CFAF1-C0D3-4A52-B67D-9FEAF8457069}.Release|Any CPU.ActiveCfg = Release|Any CPU
		{781CFAF1-C0D3-4A52-B67D-9FEAF8457069}.Release|Any CPU.Build.0 = Release|Any CPU
		{A19E0EC5-B488-45B7-8301-F92C10759A20}.Debug|Any CPU.ActiveCfg = Debug|Any CPU
		{A19E0EC5-B488-45B7-8301-F92C10759A20}.Debug|Any CPU.Build.0 = Debug|Any CPU
		{A19E0EC5-B488-45B7-8301-F92C10759A20}.Release|Any CPU.ActiveCfg = Release|Any CPU
		{A19E0EC5-B488-45B7-8301-F92C10759A20}.Release|Any CPU.Build.0 = Release|Any CPU
		{43A12472-A4E4-4395-B0E7-DBA285B93C2C}.Debug|Any CPU.ActiveCfg = Debug|Any CPU
		{43A12472-A4E4-4395-B0E7-DBA285B93C2C}.Debug|Any CPU.Build.0 = Debug|Any CPU
		{43A12472-A4E4-4395-B0E7-DBA285B93C2C}.Release|Any CPU.ActiveCfg = Release|Any CPU
		{43A12472-A4E4-4395-B0E7-DBA285B93C2C}.Release|Any CPU.Build.0 = Release|Any CPU
	EndGlobalSection
	GlobalSection(SolutionProperties) = preSolution
		HideSolutionNode = FALSE
	EndGlobalSection
	GlobalSection(NestedProjects) = preSolution
		{1F5E3F0E-EF46-4147-BEE9-5749CCF5B7E0} = {D6657D9A-A35B-43AC-AFD5-546F03A3646C}
		{9FA5F391-2D2F-40A9-B10A-74152FB6E398} = {D6657D9A-A35B-43AC-AFD5-546F03A3646C}
		{6B88B912-3239-4E87-A20F-35843B23785D} = {1F5E3F0E-EF46-4147-BEE9-5749CCF5B7E0}
		{634BF81A-BCDA-4974-A49E-ED1835919764} = {D5A0F19E-ED8A-4145-9E17-A4EEDBF4987E}
		{68E736D1-D4AD-414E-A885-AEC3B5B8AC68} = {B3EBE4D4-5CC7-41EA-B4F2-33754D55600E}
		{B3840CC4-C170-4BFC-B7A4-FE7A0155D98C} = {03C33CF4-8565-400C-A055-687FCA256E19}
		{2760A584-BEF1-4365-9905-8E085FE33EA7} = {B3EBE4D4-5CC7-41EA-B4F2-33754D55600E}
		{4026A424-8F7C-4634-A852-56596328508C} = {AF1A344F-5B74-4559-8F21-A40EC5CEBF32}
		{7388135B-3950-4256-A08C-98EF5874EC9B} = {97A4F370-717B-4743-8846-360D1BAD3697}
		{D08164F0-F763-4B11-9B30-2CE14BB478D0} = {AF1A344F-5B74-4559-8F21-A40EC5CEBF32}
		{CB0C1C3A-AED6-408B-A5E2-97E18765E8D9} = {B3EBE4D4-5CC7-41EA-B4F2-33754D55600E}
		{E701E5B4-8A4C-4044-AB96-007E7DAE654A} = {03C33CF4-8565-400C-A055-687FCA256E19}
		{D5A0F19E-ED8A-4145-9E17-A4EEDBF4987E} = {6529459E-7F50-44BB-92AA-1BD12D4A216E}
		{97A4F370-717B-4743-8846-360D1BAD3697} = {6529459E-7F50-44BB-92AA-1BD12D4A216E}
		{34D1FEC3-DE8C-4D73-9679-19B87D2F93D8} = {297021AE-A919-40C0-8C8C-5499DAA92244}
		{B3EBE4D4-5CC7-41EA-B4F2-33754D55600E} = {9FA5F391-2D2F-40A9-B10A-74152FB6E398}
		{03C33CF4-8565-400C-A055-687FCA256E19} = {9FA5F391-2D2F-40A9-B10A-74152FB6E398}
		{AF1A344F-5B74-4559-8F21-A40EC5CEBF32} = {9FA5F391-2D2F-40A9-B10A-74152FB6E398}
		{25B68250-4659-43A9-82CC-4ED2E0ACE1D4} = {AF1A344F-5B74-4559-8F21-A40EC5CEBF32}
		{781CFAF1-C0D3-4A52-B67D-9FEAF8457069} = {D5A0F19E-ED8A-4145-9E17-A4EEDBF4987E}
		{297021AE-A919-40C0-8C8C-5499DAA92244} = {6529459E-7F50-44BB-92AA-1BD12D4A216E}
		{A19E0EC5-B488-45B7-8301-F92C10759A20} = {1F5E3F0E-EF46-4147-BEE9-5749CCF5B7E0}
		{43A12472-A4E4-4395-B0E7-DBA285B93C2C} = {D5A0F19E-ED8A-4145-9E17-A4EEDBF4987E}
		{5E03BFCA-2008-4E08-8160-B34F4B544D0A} = {C419F684-BCBD-4DD2-9906-340C7F0DD9AE}
		{603AF185-867C-44BE-A5E2-61D690F52570} = {C419F684-BCBD-4DD2-9906-340C7F0DD9AE}
	EndGlobalSection
	GlobalSection(ExtensibilityGlobals) = postSolution
		SolutionGuid = {C4654B18-FD56-4698-96A3-C9FCB215E9A0}
	EndGlobalSection
EndGlobal
